# This file is automatically @generated by Cargo.
# It is not intended for manual editing.
version = 4

[[package]]
name = "hs-admin"
version = "0.0.1"

[[package]]
name = "hs-appservice"
version = "0.0.1"

[[package]]
name = "hs-auth"
version = "0.0.1"

[[package]]
name = "hs-bridge-conformance"
version = "0.0.1"

[[package]]
name = "hs-cli"
version = "0.0.1"

[[package]]
name = "hs-cluster"
version = "0.0.1"

[[package]]
name = "hs-compat"
version = "0.0.1"

[[package]]
name = "hs-config"
version = "0.0.1"

[[package]]
name = "hs-e2e"
version = "0.0.1"

[[package]]
name = "hs-federation"
version = "0.0.1"

[[package]]
name = "hs-http"
version = "0.0.1"

[[package]]
name = "hs-identity"
version = "0.0.1"

[[package]]
name = "hs-kv"
version = "0.0.1"

[[package]]
name = "hs-loadgen"
version = "0.0.1"

[[package]]
name = "hs-media"
version = "0.0.1"

[[package]]
name = "hs-model"
version = "0.0.1"

[[package]]
name = "hs-modules"
version = "0.0.1"

[[package]]
name = "hs-operator"
version = "0.0.1"

[[package]]
name = "hs-push"
version = "0.0.1"

[[package]]
name = "hs-pushgw"
version = "0.0.1"

[[package]]
name = "hs-room"
version = "0.0.1"

[[package]]
name = "hs-search"
version = "0.0.1"

[[package]]
name = "hs-spec-coverage"
version = "0.0.1"

[[package]]
name = "hs-state"
version = "0.0.1"

[[package]]
name = "hs-tables"
version = "0.0.1"

[[package]]
name = "hs-telemetry"
version = "0.0.1"

[[package]]
name = "hs-testkit"
version = "0.0.1"

[[package]]
name = "hs-user"
version = "0.0.1"
